
Microsoft Visual Studio Solution File, Format Version 12.00
# Visual Studio Version 17
VisualStudioVersion = 17.8.34330.188
MinimumVisualStudioVersion = 10.0.40219.1
Project("{8BC9CEB8-8B4A-11D0-8D11-00A0C91BC942}") = "ma_installer", "ma_installer.vcxproj", "{AAE7A550-D2C0-45AC-8C26-ED57DF20BFC3}"
EndProject
Global
	GlobalSection(SolutionConfigurationPlatforms) = preSolution
		Debug|x64 = Debug|x64
		Debug|x86 = Debug|x86
		Release|x64 = Release|x64
		Release|x86 = Release|x86
	EndGlobalSection
	GlobalSection(ProjectConfigurationPlatforms) = postSolution
		{AAE7A550-D2C0-45AC-8C26-ED57DF20BFC3}.Debug|x64.ActiveCfg = Debug|x64
		{AAE7A550-D2C0-45AC-8C26-ED57DF20BFC3}.Debug|x64.Build.0 = Debug|x64
		{AAE7A550-D2C0-45AC-8C26-ED57DF20BFC3}.Debug|x86.ActiveCfg = Debug|Win32
		{AAE7A550-D2C0-45AC-8C26-ED57DF20BFC3}.Debug|x86.Build.0 = Debug|Win32
		{AAE7A550-D2C0-45AC-8C26-ED57DF20BFC3}.Release|x64.ActiveCfg = Release|x64
		{AAE7A550-D2C0-45AC-8C26-ED57DF20BFC3}.Release|x64.Build.0 = Release|x64
		{AAE7A550-D2C0-45AC-8C26-ED57DF20BFC3}.Release|x86.ActiveCfg = Release|Win32
		{AAE7A550-D2C0-45AC-8C26-ED57DF20BFC3}.Release|x86.Build.0 = Release|Win32
	EndGlobalSection
	GlobalSection(SolutionProperties) = preSolution
		HideSolutionNode = FALSE
	EndGlobalSection
	GlobalSection(ExtensibilityGlobals) = postSolution
		SolutionGuid = {70F6E232-36D9-4086-BBD3-321601BAEB83}
	EndGlobalSection
EndGlobal
