<?xml version="1.0" encoding="utf-8"?>
<Project ToolsVersion="4.0" xmlns="http://schemas.microsoft.com/developer/msbuild/2003">
  <ItemGroup>
    <Filter Include="Quelldateien">
      <UniqueIdentifier>{4FC737F1-C7A5-4376-A066-2A32D752A2FF}</UniqueIdentifier>
      <Extensions>cpp;c;cc;cxx;c++;cppm;ixx;def;odl;idl;hpj;bat;asm;asmx</Extensions>
    </Filter>
    <Filter Include="Headerdateien">
      <UniqueIdentifier>{93995380-89BD-4b04-88EB-625FBE52EBFB}</UniqueIdentifier>
      <Extensions>h;hh;hpp;hxx;h++;hm;inl;inc;ipp;xsd</Extensions>
    </Filter>
    <Filter Include="Ressourcendateien">
      <UniqueIdentifier>{67DA6AB6-F800-4c08-8B7A-83BB121AAD01}</UniqueIdentifier>
      <Extensions>rc;ico;cur;bmp;dlg;rc2;rct;bin;rgs;gif;jpg;jpeg;jpe;resx;tiff;tif;png;wav;mfcribbon-ms</Extensions>
    </Filter>
  </ItemGroup>
  <ItemGroup>
    <ClCompile Include="client_backend.cpp">
      <Filter>Quelldateien</Filter>
    </ClCompile>
    <ClCompile Include="md5hash.cpp">
      <Filter>Headerdateien</Filter>
    </ClCompile>
    <ClCompile Include="connect.cpp">
      <Filter>Headerdateien</Filter>
    </ClCompile>
    <ClCompile Include="scan.cpp">
      <Filter>Headerdateien</Filter>
    </ClCompile>
    <ClCompile Include="permissions.cpp">
      <Filter>Headerdateien</Filter>
    </ClCompile>
    <ClCompile Include="app_ctrl.cpp">
      <Filter>Headerdateien</Filter>
    </ClCompile>
    <ClCompile Include="app_ctrl.h">
      <Filter>Headerdateien</Filter>
    </ClCompile>
    <ClCompile Include="queue _ctrl.cpp">
      <Filter>Headerdateien</Filter>
    </ClCompile>
    <ClCompile Include="local_com.cpp">
      <Filter>Headerdateien</Filter>
    </ClCompile>
    <ClCompile Include="local_schedule.cpp">
      <Filter>Headerdateien</Filter>
    </ClCompile>
    <ClCompile Include="log.cpp">
      <Filter>Headerdateien</Filter>
    </ClCompile>
    <ClCompile Include="check_dir.cpp">
      <Filter>Headerdateien</Filter>
    </ClCompile>
    <ClCompile Include="thread_ctrl.cpp">
      <Filter>Headerdateien</Filter>
    </ClCompile>
    <ClCompile Include="virus_ctrl.cpp">
      <Filter>Headerdateien</Filter>
    </ClCompile>
    <ClCompile Include="settings.cpp">
      <Filter>Headerdateien</Filter>
    </ClCompile>
    <ClCompile Include="update.cpp">
      <Filter>Headerdateien</Filter>
    </ClCompile>
    <ClCompile Include="security.cpp">
      <Filter>Headerdateien</Filter>
    </ClCompile>
  </ItemGroup>
  <ItemGroup>
    <ClInclude Include="md5hash.h">
      <Filter>Headerdateien</Filter>
    </ClInclude>
    <ClInclude Include="connect.h">
      <Filter>Headerdateien</Filter>
    </ClInclude>
    <ClInclude Include="scan.h">
      <Filter>Headerdateien</Filter>
    </ClInclude>
    <ClInclude Include="permissions.h">
      <Filter>Headerdateien</Filter>
    </ClInclude>
    <ClInclude Include="queue_ctrl.h">
      <Filter>Headerdateien</Filter>
    </ClInclude>
    <ClInclude Include="well_known.h">
      <Filter>Headerdateien</Filter>
    </ClInclude>
    <ClInclude Include="local_com.h">
      <Filter>Headerdateien</Filter>
    </ClInclude>
    <ClInclude Include="local_schedule.h">
      <Filter>Headerdateien</Filter>
    </ClInclude>
    <ClInclude Include="log.h">
      <Filter>Headerdateien</Filter>
    </ClInclude>
    <ClInclude Include="check_dir.h">
      <Filter>Headerdateien</Filter>
    </ClInclude>
    <ClInclude Include="thread_ctrl.h">
      <Filter>Headerdateien</Filter>
    </ClInclude>
    <ClInclude Include="virus_ctrl.h">
      <Filter>Headerdateien</Filter>
    </ClInclude>
    <ClInclude Include="settings.h">
      <Filter>Headerdateien</Filter>
    </ClInclude>
    <ClInclude Include="resource.h">
      <Filter>Headerdateien</Filter>
    </ClInclude>
    <ClInclude Include="update.h">
      <Filter>Headerdateien</Filter>
    </ClInclude>
    <ClInclude Include="security.h">
      <Filter>Headerdateien</Filter>
    </ClInclude>
  </ItemGroup>
  <ItemGroup>
    <ResourceCompile Include="client_backend.rc">
      <Filter>Ressourcendateien</Filter>
    </ResourceCompile>
  </ItemGroup>
</Project>